github.com/BurntSushi/xgb v0.0.0-20210121224620-deaf085860bc h1:7D+Bh06CRPCJO3gr2F7h1sriovOZ8BMhca2Rg85c2nk=
github.com/BurntSushi/xgb v0.0.0-20210121224620-deaf085860bc/go.mod h1:IVnqGOEym/WlBOVXweHU+Q+/VP0lqqI8lqeDx9IjBqo=
github.com/anvie/port-scanner v0.0.0-20180225151059-8159197d3770 h1:1KEvfMGAjISVzk3Ti6pfaOgtoC3naoU0LfiJooZDNO8=
github.com/anvie/port-scanner v0.0.0-20180225151059-8159197d3770/go.mod h1:QGzdstKeoHmMWwi9oNHZ7DQzEj9pi7H42171pkj9htk=
github.com/atotto/clipboard v0.1.4 h1:EH0zSVneZPSuFR11BlR9YppQTVDbh5+16AmcJi4g1z4=
github.com/atotto/clipboard v0.1.4/go.mod h1:ZY9tmq7sm5xIbd9bOK4onWV4S6X0u6GY7Vn0Yu86PYI=
github.com/bwmarrin/discordgo v0.25.0 h1:NXhdfHRNxtwso6FPdzW2i3uBvvU7UIQTghmV2T4nqAs=
github.com/bwmarrin/discordgo v0.25.0/go.mod h1:NJZpH+1AfhIcyQsPeuBKsUtYrRnjkyu0kIVMCHkZtRY=
github.com/c-robinson/iplib v1.0.3 h1:NG0UF0GoEsrC1/vyfX1Lx2Ss7CySWl3KqqXh3q4DdPU=
github.com/c-robinson/iplib v1.0.3/go.mod h1:i3LuuFL1hRT5gFpBRnEydzw8R6yhGkF4szNDIbF8pgo=
github.com/fatih/color v1.13.0 h1:8LOYc1KYPPmyKMuN8QV2DNRWNbLo6LZ0iLs8+mlH53w=
github.com/fatih/color v1.13.0/go.mod h1:kLAiJbzzSOZDVNGyDpeOxJ47H46qBXwg5ILebYFFOfk=
github.com/go-python/gpython v0.1.0 h1:3ZbFGiuP384IpRm2GefQ2C2QtVwF3/J2nvhrEfQG3uk=
github.com/go-python/gpython v0.1.0/go.mod h1:MZULYAhL46tg4yjwkUxZykGzR7Y3PW9bwlQ9ol/mkPU=
github.com/google/uuid v1.3.0 h1:t6JiXgmwXMjEs8VusXIJk2BXHsn+wx8BZdTaoZ5fu7I=
github.com/google/uuid v1.3.0/go.mod h1:TIyPZe4MgqvfeYDBFedMoGGpEw/LqOeaOT+nhxU+yHo=
github.com/gopherjs/gopherjs v0.0.0-20180825215210-0210a2f0f73c/go.mod h1:wJfORRmW1u3UXTncJ5qlYoELFm8eSnnEO6hX4iZ3EWY=
github.com/gopherjs/gopherwasm v1.1.0/go.mod h1:SkZ8z7CWBz5VXbhJel8TxCmAcsQqzgWGR/8nMhyhZSI=
github.com/gorilla/websocket v1.4.2 h1:+/TMaTYc4QFitKJxsQ7Yye35DkWvkdLcvGKqM+x0Ufc=
github.com/gorilla/websocket v1.4.2/go.mod h1:YR8l580nyteQvAITg2hZ9XVh4b55+EU/adAjf1fMHhE=
github.com/jackpal/gateway v1.0.7 h1:7tIFeCGmpyrMx9qvT0EgYUi7cxVW48a0mMvnIL17bPM=
github.com/jackpal/gateway v1.0.7/go.mod h1:aRcO0UFKt+MgIZmRmvOmnejdDT4Y1DNiNOsSd1AcIbA=
github.com/matishsiao/goInfo v0.0.0-20210923090445-da2e3fa8d45f h1:B0OD7nYl2FPQEVrw8g2uyc1lGEzNbvrKh7fspGZcbvY=
github.com/matishsiao/goInfo v0.0.0-20210923090445-da2e3fa8d45f/go.mod h1:aEt7p9Rvh67BYApmZwNDPpgircTO2kgdmDUoF/1QmwA=
github.com/mattn/go-colorable v0.1.9/go.mod h1:u6P/XSegPjTcexA+o6vUJrdnUu04hMope9wVRipJSqc=
github.com/mattn/go-colorable v0.1.11 h1:nQ+aFkoE2TMGc0b68U2OKSexC+eq46+XwZzWXHRmPYs=
github.com/mattn/go-colorable v0.1.11/go.mod h1:u5H1YNBxpqRaxsYJYSkiCWKzEfiAb1Gb520KVy5xxl4=
github.com/mattn/go-isatty v0.0.12/go.mod h1:cbi8OIDigv2wuxKPP5vlRcQ1OAZbq2CE4Kysco4FUpU=
github.com/mattn/go-isatty v0.0.14 h1:yVuAays6BHfxijgZPzw+3Zlu5yQgKGP2/hcQbHb7S9Y=
github.com/mattn/go-isatty v0.0.14/go.mod h1:7GGIvUiUoEMVVmxf/4nioHXj79iQHKdU27kJ6hsGG94=
github.com/mattn/go-runewidth v0.0.3 h1:a+kO+98RDGEfo6asOGMmpodZq4FNtnGP54yps8BzLR4=
github.com/mattn/go-runewidth v0.0.3/go.mod h1:LwmH8dsx7+W8Uxz3IHJYH5QSwggIsqBzpuz5H//U1FU=
github.com/mitchellh/go-homedir v1.1.0 h1:lukF9ziXFxDFPkA1vsr5zpc1XuPDn/wFntq5mG+4E0Y=
github.com/mitchellh/go-homedir v1.1.0/go.mod h1:SfyaCUpYCn1Vlf4IUYiD9fPX4A5wJrkLzIz1N1q0pr0=
github.com/mitchellh/go-ps v1.0.0 h1:i6ampVEEF4wQFF+bkYfwYgY+F/uYJDktmvLPf7qIgjc=
github.com/mitchellh/go-ps v1.0.0/go.mod h1:J4lOc8z8yJs6vUwklHw2XEIiT4z4C40KtWVN3nvg8Pg=
github.com/peterh/liner v1.2.2 h1:aJ4AOodmL+JxOZZEL2u9iJf8omNRpqHc/EbrK+3mAXw=
github.com/peterh/liner v1.2.2/go.mod h1:xFwJyiKIXJZUKItq5dGHZSTBRAuG/CpeNpWLyiNRNwI=
github.com/redcode-labs/Coldfire v0.0.0-20220602151245-e8ed4b6c6dc2 h1:0amB121qxYf8lRCiWM5HCGA4yJ83zZ9L9fQXuOkZiko=
github.com/redcode-labs/Coldfire v0.0.0-20220602151245-e8ed4b6c6dc2/go.mod h1:xmkgqOYqT/PrBsS/zwfRV0iDky/5MwWhctqfd93xvHU=
github.com/ropnop/go-clr v0.0.0-20200805161622-a9381fbe4fcd h1:dV3XttZUwgC5hx2aKI+UrLORj8D2B2Mjn8SqOd7OfLg=
github.com/ropnop/go-clr v0.0.0-20200805161622-a9381fbe4fcd/go.mod h1:nmfSwDnx0YNeDE16h8+SlEwL0djctDQ8RSer/35eoo4=
github.com/savaki/jq v0.0.0-20161209013833-0e6baecebbf8 h1:ajJQhvqPSQFJJ4aV5mDAMx8F7iFi6Dxfo6y62wymLNs=
github.com/savaki/jq v0.0.0-20161209013833-0e6baecebbf8/go.mod h1:Nw/CCOXNyF5JDd6UpYxBwG5WWZ2FOJ/d5QnXL4KQ6vY=
github.com/vova616/screenshot v0.0.0-20191005130345-da36db2560ab h1:vUMgeWLl6VfXlgjNYPrSZrgEVeLTQygricKsAcJjBZ0=
github.com/vova616/screenshot v0.0.0-20191005130345-da36db2560ab/go.mod h1:gjlNhAXON0uGGilpsAZpMx5bN1ZVavUlJETHif7w4HQ=
golang.org/x/crypto v0.0.0-20210421170649-83a5a9bb288b h1:7mWr3k41Qtv8XlltBkDkl8LoP3mpSgBW8BUoxtEdbXg=
golang.org/x/crypto v0.0.0-20210421170649-83a5a9bb288b/go.mod h1:T9bdIzuCu7OtxOm1hfPfRQxPLYneinmdGuTeoZ9dtd4=
golang.org/x/net v0.0.0-20210226172049-e18ecbb05110/go.mod h1:m0MpNAwzfU5UDzcl9v0D8zg8gWTRqZa9RBIspLL5mdg=
golang.org/x/sys v0.0.0-20200116001909-b77594299b42/go.mod h1:h1NjWce9XRLGQEsW7wpKNCjG9DtNlClVuFLEZdDNbEs=
golang.org/x/sys v0.0.0-20200223170610-d5e6a3e2c0ae/go.mod h1:h1NjWce9XRLGQEsW7wpKNCjG9DtNlClVuFLEZdDNbEs=
golang.org/x/sys v0.0.0-20200302150141-5c8b2ff67527/go.mod h1:h1NjWce9XRLGQEsW7wpKNCjG9DtNlClVuFLEZdDNbEs=
golang.org/x/sys v0.0.0-20201119102817-f84b799fce68/go.mod h1:h1NjWce9XRLGQEsW7wpKNCjG9DtNlClVuFLEZdDNbEs=
golang.org/x/sys v0.0.0-20210630005230-0f9fa26af87c/go.mod h1:oPkhp1MJrh7nUepCBck5+mAzfO9JrbApNNgaTdGDITg=
golang.org/x/sys v0.0.0-20210927094055-39ccf1dd6fa6/go.mod h1:oPkhp1MJrh7nUepCBck5+mAzfO9JrbApNNgaTdGDITg=
golang.org/x/sys v0.0.0-20211003122950-b1ebd4e1001c/go.mod h1:oPkhp1MJrh7nUepCBck5+mAzfO9JrbApNNgaTdGDITg=
golang.org/x/sys v0.0.0-20211117180635-dee7805ff2e1/go.mod h1:oPkhp1MJrh7nUepCBck5+mAzfO9JrbApNNgaTdGDITg=
golang.org/x/sys v0.0.0-20220702020025-31831981b65f h1:xdsejrW/0Wf2diT5CPp3XmKUNbr7Xvw8kYilQ+6qjRY=
golang.org/x/sys v0.0.0-20220702020025-31831981b65f/go.mod h1:oPkhp1MJrh7nUepCBck5+mAzfO9JrbApNNgaTdGDITg=
golang.org/x/term v0.0.0-20201126162022-7de9c90e9dd1/go.mod h1:bj7SfCRtBDWHUb9snDiAeCFNEtKQo2Wmx5Cou7ajbmo=
golang.org/x/text v0.3.3 h1:cokOdA+Jmi5PJGXLlLllQSgYigAEfHXJAERHVMaCc2k=
golang.org/x/text v0.3.3/go.mod h1:5Zoc/QRtKVWzQhOtBMvqHzDpF6irO9z98xDceosuGiQ=
golang.org/x/tools v0.0.0-20180917221912-90fa682c2a6e/go.mod h1:n7NCudcB/nEzxVGmLbDWY5pfWTLqBcC2KZ6jyYvM4mQ=
